
Microsoft Visual Studio Solution File, Format Version 12.00
Project("{FAE04EC0-301F-11D3-BF4B-00C04F79EFBC}") = "AmlScreeningService", "AmlScreeningService\AmlScreeningService.csproj", "{10D212B4-2AF3-4664-B2B0-D0875CB0F359}"
EndProject
Global
	GlobalSection(SolutionConfigurationPlatforms) = preSolution
		Debug|Any CPU = Debug|Any CPU
		Release|Any CPU = Release|Any CPU
	EndGlobalSection
	GlobalSection(ProjectConfigurationPlatforms) = postSolution
		{10D212B4-2AF3-4664-B2B0-D0875CB0F359}.Debug|Any CPU.ActiveCfg = Debug|Any CPU
		{10D212B4-2AF3-4664-B2B0-D0875CB0F359}.Debug|Any CPU.Build.0 = Debug|Any CPU
		{10D212B4-2AF3-4664-B2B0-D0875CB0F359}.Release|Any CPU.ActiveCfg = Release|Any CPU
		{10D212B4-2AF3-4664-B2B0-D0875CB0F359}.Release|Any CPU.Build.0 = Release|Any CPU
	EndGlobalSection
EndGlobal
